{
  "name": "worklog-frontend",
  "version": "2.0.0",
  "lockfileVersion": 3,
  "requires": true,
  "packages": {
    "": {
      "name": "worklog-frontend",
      "version": "2.0.0",
      "dependencies": {
        "@pinia/nuxt": "^0.5.2",
        "@vueuse/nuxt": "^10.11.0",
        "axios": "^1.7.2",
        "nuxt": "^3.12.3"
      },
      "devDependencies": {
        "@types/node": "^20.12.7",
        "eslint": "^8.57.0",
        "sass": "^1.77.5",
        "typescript": "^5.4.5"
      }
    }
  }
}
